
Microsoft Visual Studio Solution File, Format Version 12.00
# Visual Studio 15
VisualStudioVersion = 15.0.26228.9
MinimumVisualStudioVersion = 10.0.40219.1
Project("{FAE04EC0-301F-11D3-BF4B-00C04F79EFBC}") = "WordTemplateHelperApi", "WordTemplateHelperApi\WordTemplateHelperApi.csproj", "{778C2B6A-8B81-40AF-821C-511C4515B83D}"
EndProject
Project("{FAE04EC0-301F-11D3-BF4B-00C04F79EFBC}") = "WordTemplateHelper", "WordTemplateHelper\WordTemplateHelper.csproj", "{75D29F27-5AAB-4400-9F26-8665034A300D}"
EndProject
Project("{FAE04EC0-301F-11D3-BF4B-00C04F79EFBC}") = "WordTemplateHelperWeb", "WordTemplateHelperWeb\WordTemplateHelperWeb.csproj", "{49DC50EA-AE46-4350-9E31-05EFE52DFD19}"
EndProject
Project("{E24C65DC-7377-472B-9ABA-BC803B73C61A}") = "WordTemplateHelperSource", "WordTemplateHelperSource\", "{63808157-2AB3-46AC-A77B-E5B124D9820C}"
	ProjectSection(WebsiteProperties) = preProject
		TargetFrameworkMoniker = ".NETFramework,Version%3Dv4.0"
		Debug.AspNetCompiler.VirtualPath = "/localhost_37586"
		Debug.AspNetCompiler.PhysicalPath = "WordTemplateHelperSource\"
		Debug.AspNetCompiler.TargetPath = "PrecompiledWeb\localhost_37586\"
		Debug.AspNetCompiler.Updateable = "true"
		Debug.AspNetCompiler.ForceOverwrite = "true"
		Debug.AspNetCompiler.FixedNames = "false"
		Debug.AspNetCompiler.Debug = "True"
		Release.AspNetCompiler.VirtualPath = "/localhost_37586"
		Release.AspNetCompiler.PhysicalPath = "WordTemplateHelperSource\"
		Release.AspNetCompiler.TargetPath = "PrecompiledWeb\localhost_37586\"
		Release.AspNetCompiler.Updateable = "true"
		Release.AspNetCompiler.ForceOverwrite = "true"
		Release.AspNetCompiler.FixedNames = "false"
		Release.AspNetCompiler.Debug = "False"
		VWDPort = "37586"
	EndProjectSection
EndProject
Global
	GlobalSection(SolutionConfigurationPlatforms) = preSolution
		Debug|Any CPU = Debug|Any CPU
		Release|Any CPU = Release|Any CPU
	EndGlobalSection
	GlobalSection(ProjectConfigurationPlatforms) = postSolution
		{778C2B6A-8B81-40AF-821C-511C4515B83D}.Debug|Any CPU.ActiveCfg = Debug|Any CPU
		{778C2B6A-8B81-40AF-821C-511C4515B83D}.Debug|Any CPU.Build.0 = Debug|Any CPU
		{778C2B6A-8B81-40AF-821C-511C4515B83D}.Release|Any CPU.ActiveCfg = Release|Any CPU
		{778C2B6A-8B81-40AF-821C-511C4515B83D}.Release|Any CPU.Build.0 = Release|Any CPU
		{75D29F27-5AAB-4400-9F26-8665034A300D}.Debug|Any CPU.ActiveCfg = Debug|Any CPU
		{75D29F27-5AAB-4400-9F26-8665034A300D}.Debug|Any CPU.Build.0 = Debug|Any CPU
		{75D29F27-5AAB-4400-9F26-8665034A300D}.Debug|Any CPU.Deploy.0 = Debug|Any CPU
		{75D29F27-5AAB-4400-9F26-8665034A300D}.Release|Any CPU.ActiveCfg = Release|Any CPU
		{75D29F27-5AAB-4400-9F26-8665034A300D}.Release|Any CPU.Build.0 = Release|Any CPU
		{75D29F27-5AAB-4400-9F26-8665034A300D}.Release|Any CPU.Deploy.0 = Release|Any CPU
		{49DC50EA-AE46-4350-9E31-05EFE52DFD19}.Debug|Any CPU.ActiveCfg = Debug|Any CPU
		{49DC50EA-AE46-4350-9E31-05EFE52DFD19}.Debug|Any CPU.Build.0 = Debug|Any CPU
		{49DC50EA-AE46-4350-9E31-05EFE52DFD19}.Release|Any CPU.ActiveCfg = Release|Any CPU
		{49DC50EA-AE46-4350-9E31-05EFE52DFD19}.Release|Any CPU.Build.0 = Release|Any CPU
		{63808157-2AB3-46AC-A77B-E5B124D9820C}.Debug|Any CPU.ActiveCfg = Debug|Any CPU
		{63808157-2AB3-46AC-A77B-E5B124D9820C}.Debug|Any CPU.Build.0 = Debug|Any CPU
		{63808157-2AB3-46AC-A77B-E5B124D9820C}.Release|Any CPU.ActiveCfg = Debug|Any CPU
		{63808157-2AB3-46AC-A77B-E5B124D9820C}.Release|Any CPU.Build.0 = Debug|Any CPU
	EndGlobalSection
	GlobalSection(SolutionProperties) = preSolution
		HideSolutionNode = FALSE
	EndGlobalSection
EndGlobal
